// !$*UTF8*$!
{
	archiveVersion = 1;
	classes = {
	};
	objectVersion = 52;
	objects = {

/* Begin PBXBuildFile section */
		38C086062423B5C000EB15A4 /* AppDelegate.swift in Sources */ = {isa = PBXBuildFile; fileRef = 38C086052423B5C000EB15A4 /* AppDelegate.swift */; };
		38C086082423B5C000EB15A4 /* SceneDelegate.swift in Sources */ = {isa = PBXBuildFile; fileRef = 38C086072423B5C000EB15A4 /* SceneDelegate.swift */; };
		38C0860A2423B5C000EB15A4 /* ViewController.swift in Sources */ = {isa = PBXBuildFile; fileRef = 38C086092423B5C000EB15A4 /* ViewController.swift */; };
		38C0860D2423B5C000EB15A4 /* Main.storyboard in Resources */ = {isa = PBXBuildFile; fileRef = 38C0860B2423B5C000EB15A4 /* Main.storyboard */; };
		38C0860F2423B5C100EB15A4 /* Assets.xcassets in Resources */ = {isa = PBXBuildFile; fileRef = 38C0860E2423B5C100EB15A4 /* Assets.xcassets */; };
		38C086122423B5C100EB15A4 /* LaunchScreen.storyboard in Resources */ = {isa = PBXBuildFile; fileRef = 38C086102423B5C100EB15A4 /* LaunchScreen.storyboard */; };
		38C0861A2423B72A00EB15A4 /* MakeupStore.swift in Sources */ = {isa = PBXBuildFile; fileRef = 38C086192423B72A00EB15A4 /* MakeupStore.swift */; };
		38C0861C2423B84400EB15A4 /* Makeup.swift in Sources */ = {isa = PBXBuildFile; fileRef = 38C0861B2423B84400EB15A4 /* Makeup.swift */; };
		38C086212423C5F100EB15A4 /* MakeupListCell.swift in Sources */ = {isa = PBXBuildFile; fileRef = 38C0861F2423C5F100EB15A4 /* MakeupListCell.swift */; };
		38C086222423C5F100EB15A4 /* MakeupListCell.xib in Resources */ = {isa = PBXBuildFile; fileRef = 38C086202423C5F100EB15A4 /* MakeupListCell.xib */; };
		38C08625242509D100EB15A4 /* Kingfisher in Frameworks */ = {isa = PBXBuildFile; productRef = 38C08624242509D100EB15A4 /* Kingfisher */; };
/* End PBXBuildFile section */

/* Begin PBXFileReference section */
		38C086022423B5C000EB15A4 /* MakeupPicker.app */ = {isa = PBXFileReference; explicitFileType = wrapper.application; includeInIndex = 0; path = MakeupPicker.app; sourceTree = BUILT_PRODUCTS_DIR; };
		38C086052423B5C000EB15A4 /* AppDelegate.swift */ = {isa = PBXFileReference; lastKnownFileType = sourcecode.swift; path = AppDelegate.swift; sourceTree = "<group>"; };
		38C086072423B5C000EB15A4 /* SceneDelegate.swift */ = {isa = PBXFileReference; lastKnownFileType = sourcecode.swift; path = SceneDelegate.swift; sourceTree = "<group>"; };
		38C086092423B5C000EB15A4 /* ViewController.swift */ = {isa = PBXFileReference; lastKnownFileType = sourcecode.swift; path = ViewController.swift; sourceTree = "<group>"; };
		38C0860C2423B5C000EB15A4 /* Base */ = {isa = PBXFileReference; lastKnownFileType = file.storyboard; name = Base; path = Base.lproj/Main.storyboard; sourceTree = "<group>"; };
		38C0860E2423B5C100EB15A4 /* Assets.xcassets */ = {isa = PBXFileReference; lastKnownFileType = folder.assetcatalog; path = Assets.xcassets; sourceTree = "<group>"; };
		38C086112423B5C100EB15A4 /* Base */ = {isa = PBXFileReference; lastKnownFileType = file.storyboard; name = Base; path = Base.lproj/LaunchScreen.storyboard; sourceTree = "<group>"; };
		38C086132423B5C100EB15A4 /* Info.plist */ = {isa = PBXFileReference; lastKnownFileType = text.plist.xml; path = Info.plist; sourceTree = "<group>"; };
		38C086192423B72A00EB15A4 /* MakeupStore.swift */ = {isa = PBXFileReference; lastKnownFileType = sourcecode.swift; path = MakeupStore.swift; sourceTree = "<group>"; };
		38C0861B2423B84400EB15A4 /* Makeup.swift */ = {isa = PBXFileReference; lastKnownFileType = sourcecode.swift; path = Makeup.swift; sourceTree = "<group>"; };
		38C0861F2423C5F100EB15A4 /* MakeupListCell.swift */ = {isa = PBXFileReference; lastKnownFileType = sourcecode.swift; path = MakeupListCell.swift; sourceTree = "<group>"; };
		38C086202423C5F100EB15A4 /* MakeupListCell.xib */ = {isa = PBXFileReference; lastKnownFileType = file.xib; path = MakeupListCell.xib; sourceTree = "<group>"; };
/* End PBXFileReference section */

/* Begin PBXFrameworksBuildPhase section */
		38C085FF2423B5C000EB15A4 /* Frameworks */ = {
			isa = PBXFrameworksBuildPhase;
			buildActionMask = 2147483647;
			files = (
				38C08625242509D100EB15A4 /* Kingfisher in Frameworks */,
			);
			runOnlyForDeploymentPostprocessing = 0;
		};
/* End PBXFrameworksBuildPhase section */

/* Begin PBXGroup section */
		38C085F92423B5C000EB15A4 = {
			isa = PBXGroup;
			children = (
				38C086042423B5C000EB15A4 /* MakeupPicker */,
				38C086032423B5C000EB15A4 /* Products */,
			);
			sourceTree = "<group>";
		};
		38C086032423B5C000EB15A4 /* Products */ = {
			isa = PBXGroup;
			children = (
				38C086022423B5C000EB15A4 /* MakeupPicker.app */,
			);
			name = Products;
			sourceTree = "<group>";
		};
		38C086042423B5C000EB15A4 /* MakeupPicker */ = {
			isa = PBXGroup;
			children = (
				38C086052423B5C000EB15A4 /* AppDelegate.swift */,
				38C086072423B5C000EB15A4 /* SceneDelegate.swift */,
				38C086092423B5C000EB15A4 /* ViewController.swift */,
				38C0860B2423B5C000EB15A4 /* Main.storyboard */,
				38C0860E2423B5C100EB15A4 /* Assets.xcassets */,
				38C086102423B5C100EB15A4 /* LaunchScreen.storyboard */,
				38C086132423B5C100EB15A4 /* Info.plist */,
				38C086192423B72A00EB15A4 /* MakeupStore.swift */,
				38C0861B2423B84400EB15A4 /* Makeup.swift */,
				38C0861F2423C5F100EB15A4 /* MakeupListCell.swift */,
				38C086202423C5F100EB15A4 /* MakeupListCell.xib */,
			);
			path = MakeupPicker;
			sourceTree = "<group>";
		};
/* End PBXGroup section */

/* Begin PBXNativeTarget section */
		38C086012423B5C000EB15A4 /* MakeupPicker */ = {
			isa = PBXNativeTarget;
			buildConfigurationList = 38C086162423B5C100EB15A4 /* Build configuration list for PBXNativeTarget "MakeupPicker" */;
			buildPhases = (
				38C085FE2423B5C000EB15A4 /* Sources */,
				38C085FF2423B5C000EB15A4 /* Frameworks */,
				38C086002423B5C000EB15A4 /* Resources */,
			);
			buildRules = (
			);
			dependencies = (
			);
			name = MakeupPicker;
			packageProductDependencies = (
				38C08624242509D100EB15A4 /* Kingfisher */,
			);
			productName = MakeupPicker;
			productReference = 38C086022423B5C000EB15A4 /* MakeupPicker.app */;
			productType = "com.apple.product-type.application";
		};
/* End PBXNativeTarget section */

/* Begin PBXProject section */
		38C085FA2423B5C000EB15A4 /* Project object */ = {
			isa = PBXProject;
			attributes = {
				LastSwiftUpdateCheck = 1130;
				LastUpgradeCheck = 1130;
				ORGANIZATIONNAME = "Vania Radmila Alfitri";
				TargetAttributes = {
					38C086012423B5C000EB15A4 = {
						CreatedOnToolsVersion = 11.3.1;
					};
				};
			};
			buildConfigurationList = 38C085FD2423B5C000EB15A4 /* Build configuration list for PBXProject "MakeupPicker" */;
			compatibilityVersion = "Xcode 9.3";
			developmentRegion = en;
			hasScannedForEncodings = 0;
			knownRegions = (
				en,
				Base,
			);
			mainGroup = 38C085F92423B5C000EB15A4;
			packageReferences = (
				38C08623242509D100EB15A4 /* XCRemoteSwiftPackageReference "Kingfisher" */,
			);
			productRefGroup = 38C086032423B5C000EB15A4 /* Products */;
			projectDirPath = "";
			projectRoot = "";
			targets = (
				38C086012423B5C000EB15A4 /* MakeupPicker */,
			);
		};
/* End PBXProject section */

/* Begin PBXResourcesBuildPhase section */
		38C086002423B5C000EB15A4 /* Resources */ = {
			isa = PBXResourcesBuildPhase;
			buildActionMask = 2147483647;
			files = (
				38C086122423B5C100EB15A4 /* LaunchScreen.storyboard in Resources */,
				38C0860F2423B5C100EB15A4 /* Assets.xcassets in Resources */,
				38C086222423C5F100EB15A4 /* MakeupListCell.xib in Resources */,
				38C0860D2423B5C000EB15A4 /* Main.storyboard in Resources */,
			);
			runOnlyForDeploymentPostprocessing = 0;
		};
/* End PBXResourcesBuildPhase section */

/* Begin PBXSourcesBuildPhase section */
		38C085FE2423B5C000EB15A4 /* Sources */ = {
			isa = PBXSourcesBuildPhase;
			buildActionMask = 2147483647;
			files = (
				38C086212423C5F100EB15A4 /* MakeupListCell.swift in Sources */,
				38C0861A2423B72A00EB15A4 /* MakeupStore.swift in Sources */,
				38C0860A2423B5C000EB15A4 /* ViewController.swift in Sources */,
				38C0861C2423B84400EB15A4 /* Makeup.swift in Sources */,
				38C086062423B5C000EB15A4 /* AppDelegate.swift in Sources */,
				38C086082423B5C000EB15A4 /* SceneDelegate.swift in Sources */,
			);
			runOnlyForDeploymentPostprocessing = 0;
		};
/* End PBXSourcesBuildPhase section */

/* Begin PBXVariantGroup section */
		38C0860B2423B5C000EB15A4 /* Main.storyboard */ = {
			isa = PBXVariantGroup;
			children = (
				38C0860C2423B5C000EB15A4 /* Base */,
			);
			name = Main.storyboard;
			sourceTree = "<group>";
		};
		38C086102423B5C100EB15A4 /* LaunchScreen.storyboard */ = {
			isa = PBXVariantGroup;
			children = (
				38C086112423B5C100EB15A4 /* Base */,
			);
			name = LaunchScreen.storyboard;
			sourceTree = "<group>";
		};
/* End PBXVariantGroup section */

/* Begin XCBuildConfiguration section */
		38C086142423B5C100EB15A4 /* Debug */ = {
			isa = XCBuildConfiguration;
			buildSettings = {
				ALWAYS_SEARCH_USER_PATHS = NO;
				CLANG_ANALYZER_NONNULL = YES;
				CLANG_ANALYZER_NUMBER_OBJECT_CONVERSION = YES_AGGRESSIVE;
				CLANG_CXX_LANGUAGE_STANDARD = "gnu++14";
				CLANG_CXX_LIBRARY = "libc++";
				CLANG_ENABLE_MODULES = YES;
				CLANG_ENABLE_OBJC_ARC = YES;
				CLANG_ENABLE_OBJC_WEAK = YES;
				CLANG_WARN_BLOCK_CAPTURE_AUTORELEASING = YES;
				CLANG_WARN_BOOL_CONVERSION = YES;
				CLANG_WARN_COMMA = YES;
				CLANG_WARN_CONSTANT_CONVERSION = YES;
				CLANG_WARN_DEPRECATED_OBJC_IMPLEMENTATIONS = YES;
				CLANG_WARN_DIRECT_OBJC_ISA_USAGE = YES_ERROR;
				CLANG_WARN_DOCUMENTATION_COMMENTS = YES;
				CLANG_WARN_EMPTY_BODY = YES;
				CLANG_WARN_ENUM_CONVERSION = YES;
				CLANG_WARN_INFINITE_RECURSION = YES;
				CLANG_WARN_INT_CONVERSION = YES;
				CLANG_WARN_NON_LITERAL_NULL_CONVERSION = YES;
				CLANG_WARN_OBJC_IMPLICIT_RETAIN_SELF = YES;
				CLANG_WARN_OBJC_LITERAL_CONVERSION = YES;
				CLANG_WARN_OBJC_ROOT_CLASS = YES_ERROR;
				CLANG_WARN_RANGE_LOOP_ANALYSIS = YES;
				CLANG_WARN_STRICT_PROTOTYPES = YES;
				CLANG_WARN_SUSPICIOUS_MOVE = YES;
				CLANG_WARN_UNGUARDED_AVAILABILITY = YES_AGGRESSIVE;
				CLANG_WARN_UNREACHABLE_CODE = YES;
				CLANG_WARN__DUPLICATE_METHOD_MATCH = YES;
				COPY_PHASE_STRIP = NO;
				DEBUG_INFORMATION_FORMAT = dwarf;
				ENABLE_STRICT_OBJC_MSGSEND = YES;
				ENABLE_TESTABILITY = YES;
				GCC_C_LANGUAGE_STANDARD = gnu11;
				GCC_DYNAMIC_NO_PIC = NO;
				GCC_NO_COMMON_BLOCKS = YES;
				GCC_OPTIMIZATION_LEVEL = 0;
				GCC_PREPROCESSOR_DEFINITIONS = (
					"DEBUG=1",
					"$(inherited)",
				);
				GCC_WARN_64_TO_32_BIT_CONVERSION = YES;
				GCC_WARN_ABOUT_RETURN_TYPE = YES_ERROR;
				GCC_WARN_UNDECLARED_SELECTOR = YES;
				GCC_WARN_UNINITIALIZED_AUTOS = YES_AGGRESSIVE;
				GCC_WARN_UNUSED_FUNCTION = YES;
				GCC_WARN_UNUSED_VARIABLE = YES;
				IPHONEOS_DEPLOYMENT_TARGET = 13.2;
				MTL_ENABLE_DEBUG_INFO = INCLUDE_SOURCE;
				MTL_FAST_MATH = YES;
				ONLY_ACTIVE_ARCH = YES;
				SDKROOT = iphoneos;
				SWIFT_ACTIVE_COMPILATION_CONDITIONS = DEBUG;
				SWIFT_OPTIMIZATION_LEVEL = "-Onone";
			};
			name = Debug;
		};
		38C086152423B5C100EB15A4 /* Release */ = {
			isa = XCBuildConfiguration;
			buildSettings = {
				ALWAYS_SEARCH_USER_PATHS = NO;
				CLANG_ANALYZER_NONNULL = YES;
				CLANG_ANALYZER_NUMBER_OBJECT_CONVERSION = YES_AGGRESSIVE;
				CLANG_CXX_LANGUAGE_STANDARD = "gnu++14";
				CLANG_CXX_LIBRARY = "libc++";
				CLANG_ENABLE_MODULES = YES;
				CLANG_ENABLE_OBJC_ARC = YES;
				CLANG_ENABLE_OBJC_WEAK = YES;
				CLANG_WARN_BLOCK_CAPTURE_AUTORELEASING = YES;
				CLANG_WARN_BOOL_CONVERSION = YES;
				CLANG_WARN_COMMA = YES;
				CLANG_WARN_CONSTANT_CONVERSION = YES;
				CLANG_WARN_DEPRECATED_OBJC_IMPLEMENTATIONS = YES;
				CLANG_WARN_DIRECT_OBJC_ISA_USAGE = YES_ERROR;
				CLANG_WARN_DOCUMENTATION_COMMENTS = YES;
				CLANG_WARN_EMPTY_BODY = YES;
				CLANG_WARN_ENUM_CONVERSION = YES;
				CLANG_WARN_INFINITE_RECURSION = YES;
				CLANG_WARN_INT_CONVERSION = YES;
				CLANG_WARN_NON_LITERAL_NULL_CONVERSION = YES;
				CLANG_WARN_OBJC_IMPLICIT_RETAIN_SELF = YES;
				CLANG_WARN_OBJC_LITERAL_CONVERSION = YES;
				CLANG_WARN_OBJC_ROOT_CLASS = YES_ERROR;
				CLANG_WARN_RANGE_LOOP_ANALYSIS = YES;
				CLANG_WARN_STRICT_PROTOTYPES = YES;
				CLANG_WARN_SUSPICIOUS_MOVE = YES;
				CLANG_WARN_UNGUARDED_AVAILABILITY = YES_AGGRESSIVE;
				CLANG_WARN_UNREACHABLE_CODE = YES;
				CLANG_WARN__DUPLICATE_METHOD_MATCH = YES;
				COPY_PHASE_STRIP = NO;
				DEBUG_INFORMATION_FORMAT = "dwarf-with-dsym";
				ENABLE_NS_ASSERTIONS = NO;
				ENABLE_STRICT_OBJC_MSGSEND = YES;
				GCC_C_LANGUAGE_STANDARD = gnu11;
				GCC_NO_COMMON_BLOCKS = YES;
				GCC_WARN_64_TO_32_BIT_CONVERSION = YES;
				GCC_WARN_ABOUT_RETURN_TYPE = YES_ERROR;
				GCC_WARN_UNDECLARED_SELECTOR = YES;
				GCC_WARN_UNINITIALIZED_AUTOS = YES_AGGRESSIVE;
				GCC_WARN_UNUSED_FUNCTION = YES;
				GCC_WARN_UNUSED_VARIABLE = YES;
				IPHONEOS_DEPLOYMENT_TARGET = 13.2;
				MTL_ENABLE_DEBUG_INFO = NO;
				MTL_FAST_MATH = YES;
				SDKROOT = iphoneos;
				SWIFT_COMPILATION_MODE = wholemodule;
				SWIFT_OPTIMIZATION_LEVEL = "-O";
				VALIDATE_PRODUCT = YES;
			};
			name = Release;
		};
		38C086172423B5C100EB15A4 /* Debug */ = {
			isa = XCBuildConfiguration;
			buildSettings = {
				ASSETCATALOG_COMPILER_APPICON_NAME = AppIcon;
				CODE_SIGN_STYLE = Automatic;
				DEVELOPMENT_TEAM = D6ZFFGJQCK;
				INFOPLIST_FILE = MakeupPicker/Info.plist;
				LD_RUNPATH_SEARCH_PATHS = (
					"$(inherited)",
					"@executable_path/Frameworks",
				);
				PRODUCT_BUNDLE_IDENTIFIER = com.mila.MakeupPicker;
				PRODUCT_NAME = "$(TARGET_NAME)";
				SWIFT_VERSION = 5.0;
				TARGETED_DEVICE_FAMILY = "1,2";
			};
			name = Debug;
		};
		38C086182423B5C100EB15A4 /* Release */ = {
			isa = XCBuildConfiguration;
			buildSettings = {
				ASSETCATALOG_COMPILER_APPICON_NAME = AppIcon;
				CODE_SIGN_STYLE = Automatic;
				DEVELOPMENT_TEAM = D6ZFFGJQCK;
				INFOPLIST_FILE = MakeupPicker/Info.plist;
				LD_RUNPATH_SEARCH_PATHS = (
					"$(inherited)",
					"@executable_path/Frameworks",
				);
				PRODUCT_BUNDLE_IDENTIFIER = com.mila.MakeupPicker;
				PRODUCT_NAME = "$(TARGET_NAME)";
				SWIFT_VERSION = 5.0;
				TARGETED_DEVICE_FAMILY = "1,2";
			};
			name = Release;
		};
/* End XCBuildConfiguration section */

/* Begin XCConfigurationList section */
		38C085FD2423B5C000EB15A4 /* Build configuration list for PBXProject "MakeupPicker" */ = {
			isa = XCConfigurationList;
			buildConfigurations = (
				38C086142423B5C100EB15A4 /* Debug */,
				38C086152423B5C100EB15A4 /* Release */,
			);
			defaultConfigurationIsVisible = 0;
			defaultConfigurationName = Release;
		};
		38C086162423B5C100EB15A4 /* Build configuration list for PBXNativeTarget "MakeupPicker" */ = {
			isa = XCConfigurationList;
			buildConfigurations = (
				38C086172423B5C100EB15A4 /* Debug */,
				38C086182423B5C100EB15A4 /* Release */,
			);
			defaultConfigurationIsVisible = 0;
			defaultConfigurationName = Release;
		};
/* End XCConfigurationList section */

/* Begin XCRemoteSwiftPackageReference section */
		38C08623242509D100EB15A4 /* XCRemoteSwiftPackageReference "Kingfisher" */ = {
			isa = XCRemoteSwiftPackageReference;
			repositoryURL = "https://github.com/onevcat/Kingfisher.git";
			requirement = {
				kind = upToNextMajorVersion;
				minimumVersion = 5.8.0;
			};
		};
/* End XCRemoteSwiftPackageReference section */

/* Begin XCSwiftPackageProductDependency section */
		38C08624242509D100EB15A4 /* Kingfisher */ = {
			isa = XCSwiftPackageProductDependency;
			package = 38C08623242509D100EB15A4 /* XCRemoteSwiftPackageReference "Kingfisher" */;
			productName = Kingfisher;
		};
/* End XCSwiftPackageProductDependency section */
	};
	rootObject = 38C085FA2423B5C000EB15A4 /* Project object */;
}
